
Microsoft Visual Studio Solution File, Format Version 12.00
# Visual Studio Version 16
VisualStudioVersion = 16.0.30717.126
MinimumVisualStudioVersion = 10.0.40219.1
Project("{9A19103F-16F7-4668-BE54-9A1E7A4F7556}") = "Lessson1_类和对象", "Lessson1_类和对象\Lessson1_类和对象.csproj", "{AA37C143-80ED-4046-9875-2036C19D68D9}"
EndProject
Project("{9A19103F-16F7-4668-BE54-9A1E7A4F7556}") = "Lesson2_成员变量和访问修饰符", "Lesson2_成员变量和访问修饰符\Lesson2_成员变量和访问修饰符.csproj", "{86E4F134-2494-46E0-9ECB-961FAEBB1714}"
EndProject
Project("{9A19103F-16F7-4668-BE54-9A1E7A4F7556}") = "Lesson3_成员方法", "Lesson3_成员方法\Lesson3_成员方法.csproj", "{9A072D80-649B-47B1-8FCD-B690E989EC50}"
EndProject
Project("{9A19103F-16F7-4668-BE54-9A1E7A4F7556}") = "Lesson4_封装_构造函数和析构函数", "Lesson4_封装_构造函数和析构函数\Lesson4_封装_构造函数和析构函数.csproj", "{7DF4C4FE-EC77-468D-9741-E127868747D4}"
EndProject
Project("{9A19103F-16F7-4668-BE54-9A1E7A4F7556}") = "Lesson6_封装_索引器", "Lesson6_封装_索引器\Lesson6_封装_索引器.csproj", "{C2DFEC75-75DB-455A-B2A3-8BF6D071F0F1}"
EndProject
Project("{9A19103F-16F7-4668-BE54-9A1E7A4F7556}") = "Lesson7_封装_静态成员", "Lesson7_封装_静态成员\Lesson7_封装_静态成员.csproj", "{3401B715-2E2E-4F82-B2D6-42C2346B10DC}"
EndProject
Project("{9A19103F-16F7-4668-BE54-9A1E7A4F7556}") = "Lesson9_封装_拓展方法", "Lesson9_封装_拓展方法\Lesson9_封装_拓展方法.csproj", "{4640AE38-6FD1-414D-B5D2-812464D6CEC3}"
EndProject
Project("{9A19103F-16F7-4668-BE54-9A1E7A4F7556}") = "Lesson12_继承_继承的基本规则", "Lesson11_ssssssssssssssssssdddddddd\Lesson12_继承_继承的基本规则.csproj", "{579EB8BA-ECDC-4872-809D-55FF9690FA67}"
EndProject
Project("{9A19103F-16F7-4668-BE54-9A1E7A4F7556}") = "Lesson10_封装_运算符重载", "Lesson10_封装_运算符重载\Lesson10_封装_运算符重载.csproj", "{B8A6E09B-4543-4924-B7A6-7A9C81ACEA8A}"
EndProject
Project("{9A19103F-16F7-4668-BE54-9A1E7A4F7556}") = "Lesson13_继承_里氏替换原则", "Lesson13_继承_里氏替换原则\Lesson13_继承_里氏替换原则.csproj", "{5024A8A1-392E-4C70-9355-5B6E114F360D}"
EndProject
Project("{9A19103F-16F7-4668-BE54-9A1E7A4F7556}") = "Lesson14_继承_继承中的构造函数", "Lesson14_继承_继承中的构造函数\Lesson14_继承_继承中的构造函数.csproj", "{8CCB1381-66AE-4DB5-BF0C-3B15CAC04C6C}"
EndProject
Project("{9A19103F-16F7-4668-BE54-9A1E7A4F7556}") = "Lesson15_封装_万物之父和装箱拆箱", "Lesson15_封装_万物之父和装箱拆箱\Lesson15_封装_万物之父和装箱拆箱.csproj", "{57D56764-62D0-45A2-91E9-02F02B9BD475}"
EndProject
Project("{9A19103F-16F7-4668-BE54-9A1E7A4F7556}") = "Lesson16_封装_密封类", "Lesson16_封装_密封类\Lesson16_封装_密封类.csproj", "{4AA98123-3832-4FF5-97D5-43B51FBC9A59}"
EndProject
Project("{9A19103F-16F7-4668-BE54-9A1E7A4F7556}") = "Lesson17_多态_vob", "Lesson17_多态_vob\Lesson17_多态_vob.csproj", "{5F492E58-3045-4F57-A4A0-B3AFDA04F373}"
EndProject
Project("{9A19103F-16F7-4668-BE54-9A1E7A4F7556}") = "Lesson18_多态_抽象类和抽象方法", "Lesson18_多态_抽象类和抽象方法\Lesson18_多态_抽象类和抽象方法.csproj", "{A0A52BB6-1E01-458C-BE86-EA7CA1E32851}"
EndProject
Project("{9A19103F-16F7-4668-BE54-9A1E7A4F7556}") = "Lesson19_多态_接口", "Lesson19_多态_接口\Lesson19_多态_接口.csproj", "{4C5950E7-329B-4E15-9918-E92A3E2D32FB}"
EndProject
Project("{9A19103F-16F7-4668-BE54-9A1E7A4F7556}") = "lesson21", "lesson21\lesson21.csproj", "{EDFEECA4-A9A8-4D6B-AF82-E6ABCD0E5C5E}"
EndProject
Project("{9A19103F-16F7-4668-BE54-9A1E7A4F7556}") = "Lesson22", "Lesson22\Lesson22.csproj", "{4260B135-39AE-42ED-A185-AE755331D0EA}"
EndProject
Project("{9A19103F-16F7-4668-BE54-9A1E7A4F7556}") = "Lesson23_面向对象_string", "Lesson23_面向对象_string\Lesson23_面向对象_string.csproj", "{31A37911-BAEB-4AE7-980E-5EB3EEF390F6}"
EndProject
Project("{9A19103F-16F7-4668-BE54-9A1E7A4F7556}") = "Lesson25_结构体和类的区别", "Lesson25_结构体和类的区别\Lesson25_结构体和类的区别.csproj", "{54A47490-662A-40A6-B7A2-A02E4C475459}"
EndProject
Project("{9A19103F-16F7-4668-BE54-9A1E7A4F7556}") = "Lesson26_抽象类和接口的区别", "Lesson26_抽象类和接口的区别\Lesson26_抽象类和接口的区别.csproj", "{0AF718D0-5D60-4381-AA1C-B03636C91F32}"
EndProject
Project("{FAE04EC0-301F-11D3-BF4B-00C04F79EFBC}") = "贪吃蛇", "贪吃蛇\贪吃蛇.csproj", "{7D604C6F-7644-40DB-8117-B49396871DB2}"
EndProject
Global
	GlobalSection(SolutionConfigurationPlatforms) = preSolution
		Debug|Any CPU = Debug|Any CPU
		Release|Any CPU = Release|Any CPU
	EndGlobalSection
	GlobalSection(ProjectConfigurationPlatforms) = postSolution
		{AA37C143-80ED-4046-9875-2036C19D68D9}.Debug|Any CPU.ActiveCfg = Debug|Any CPU
		{AA37C143-80ED-4046-9875-2036C19D68D9}.Debug|Any CPU.Build.0 = Debug|Any CPU
		{AA37C143-80ED-4046-9875-2036C19D68D9}.Release|Any CPU.ActiveCfg = Release|Any CPU
		{AA37C143-80ED-4046-9875-2036C19D68D9}.Release|Any CPU.Build.0 = Release|Any CPU
		{86E4F134-2494-46E0-9ECB-961FAEBB1714}.Debug|Any CPU.ActiveCfg = Debug|Any CPU
		{86E4F134-2494-46E0-9ECB-961FAEBB1714}.Debug|Any CPU.Build.0 = Debug|Any CPU
		{86E4F134-2494-46E0-9ECB-961FAEBB1714}.Release|Any CPU.ActiveCfg = Release|Any CPU
		{86E4F134-2494-46E0-9ECB-961FAEBB1714}.Release|Any CPU.Build.0 = Release|Any CPU
		{9A072D80-649B-47B1-8FCD-B690E989EC50}.Debug|Any CPU.ActiveCfg = Debug|Any CPU
		{9A072D80-649B-47B1-8FCD-B690E989EC50}.Debug|Any CPU.Build.0 = Debug|Any CPU
		{9A072D80-649B-47B1-8FCD-B690E989EC50}.Release|Any CPU.ActiveCfg = Release|Any CPU
		{9A072D80-649B-47B1-8FCD-B690E989EC50}.Release|Any CPU.Build.0 = Release|Any CPU
		{7DF4C4FE-EC77-468D-9741-E127868747D4}.Debug|Any CPU.ActiveCfg = Debug|Any CPU
		{7DF4C4FE-EC77-468D-9741-E127868747D4}.Debug|Any CPU.Build.0 = Debug|Any CPU
		{7DF4C4FE-EC77-468D-9741-E127868747D4}.Release|Any CPU.ActiveCfg = Release|Any CPU
		{7DF4C4FE-EC77-468D-9741-E127868747D4}.Release|Any CPU.Build.0 = Release|Any CPU
		{C2DFEC75-75DB-455A-B2A3-8BF6D071F0F1}.Debug|Any CPU.ActiveCfg = Debug|Any CPU
		{C2DFEC75-75DB-455A-B2A3-8BF6D071F0F1}.Debug|Any CPU.Build.0 = Debug|Any CPU
		{C2DFEC75-75DB-455A-B2A3-8BF6D071F0F1}.Release|Any CPU.ActiveCfg = Release|Any CPU
		{C2DFEC75-75DB-455A-B2A3-8BF6D071F0F1}.Release|Any CPU.Build.0 = Release|Any CPU
		{3401B715-2E2E-4F82-B2D6-42C2346B10DC}.Debug|Any CPU.ActiveCfg = Debug|Any CPU
		{3401B715-2E2E-4F82-B2D6-42C2346B10DC}.Debug|Any CPU.Build.0 = Debug|Any CPU
		{3401B715-2E2E-4F82-B2D6-42C2346B10DC}.Release|Any CPU.ActiveCfg = Release|Any CPU
		{3401B715-2E2E-4F82-B2D6-42C2346B10DC}.Release|Any CPU.Build.0 = Release|Any CPU
		{4640AE38-6FD1-414D-B5D2-812464D6CEC3}.Debug|Any CPU.ActiveCfg = Debug|Any CPU
		{4640AE38-6FD1-414D-B5D2-812464D6CEC3}.Debug|Any CPU.Build.0 = Debug|Any CPU
		{4640AE38-6FD1-414D-B5D2-812464D6CEC3}.Release|Any CPU.ActiveCfg = Release|Any CPU
		{4640AE38-6FD1-414D-B5D2-812464D6CEC3}.Release|Any CPU.Build.0 = Release|Any CPU
		{579EB8BA-ECDC-4872-809D-55FF9690FA67}.Debug|Any CPU.ActiveCfg = Debug|Any CPU
		{579EB8BA-ECDC-4872-809D-55FF9690FA67}.Debug|Any CPU.Build.0 = Debug|Any CPU
		{579EB8BA-ECDC-4872-809D-55FF9690FA67}.Release|Any CPU.ActiveCfg = Release|Any CPU
		{579EB8BA-ECDC-4872-809D-55FF9690FA67}.Release|Any CPU.Build.0 = Release|Any CPU
		{B8A6E09B-4543-4924-B7A6-7A9C81ACEA8A}.Debug|Any CPU.ActiveCfg = Debug|Any CPU
		{B8A6E09B-4543-4924-B7A6-7A9C81ACEA8A}.Debug|Any CPU.Build.0 = Debug|Any CPU
		{B8A6E09B-4543-4924-B7A6-7A9C81ACEA8A}.Release|Any CPU.ActiveCfg = Release|Any CPU
		{B8A6E09B-4543-4924-B7A6-7A9C81ACEA8A}.Release|Any CPU.Build.0 = Release|Any CPU
		{5024A8A1-392E-4C70-9355-5B6E114F360D}.Debug|Any CPU.ActiveCfg = Debug|Any CPU
		{5024A8A1-392E-4C70-9355-5B6E114F360D}.Debug|Any CPU.Build.0 = Debug|Any CPU
		{5024A8A1-392E-4C70-9355-5B6E114F360D}.Release|Any CPU.ActiveCfg = Release|Any CPU
		{5024A8A1-392E-4C70-9355-5B6E114F360D}.Release|Any CPU.Build.0 = Release|Any CPU
		{8CCB1381-66AE-4DB5-BF0C-3B15CAC04C6C}.Debug|Any CPU.ActiveCfg = Debug|Any CPU
		{8CCB1381-66AE-4DB5-BF0C-3B15CAC04C6C}.Debug|Any CPU.Build.0 = Debug|Any CPU
		{8CCB1381-66AE-4DB5-BF0C-3B15CAC04C6C}.Release|Any CPU.ActiveCfg = Release|Any CPU
		{8CCB1381-66AE-4DB5-BF0C-3B15CAC04C6C}.Release|Any CPU.Build.0 = Release|Any CPU
		{57D56764-62D0-45A2-91E9-02F02B9BD475}.Debug|Any CPU.ActiveCfg = Debug|Any CPU
		{57D56764-62D0-45A2-91E9-02F02B9BD475}.Debug|Any CPU.Build.0 = Debug|Any CPU
		{57D56764-62D0-45A2-91E9-02F02B9BD475}.Release|Any CPU.ActiveCfg = Release|Any CPU
		{57D56764-62D0-45A2-91E9-02F02B9BD475}.Release|Any CPU.Build.0 = Release|Any CPU
		{4AA98123-3832-4FF5-97D5-43B51FBC9A59}.Debug|Any CPU.ActiveCfg = Debug|Any CPU
		{4AA98123-3832-4FF5-97D5-43B51FBC9A59}.Debug|Any CPU.Build.0 = Debug|Any CPU
		{4AA98123-3832-4FF5-97D5-43B51FBC9A59}.Release|Any CPU.ActiveCfg = Release|Any CPU
		{4AA98123-3832-4FF5-97D5-43B51FBC9A59}.Release|Any CPU.Build.0 = Release|Any CPU
		{5F492E58-3045-4F57-A4A0-B3AFDA04F373}.Debug|Any CPU.ActiveCfg = Debug|Any CPU
		{5F492E58-3045-4F57-A4A0-B3AFDA04F373}.Debug|Any CPU.Build.0 = Debug|Any CPU
		{5F492E58-3045-4F57-A4A0-B3AFDA04F373}.Release|Any CPU.ActiveCfg = Release|Any CPU
		{5F492E58-3045-4F57-A4A0-B3AFDA04F373}.Release|Any CPU.Build.0 = Release|Any CPU
		{A0A52BB6-1E01-458C-BE86-EA7CA1E32851}.Debug|Any CPU.ActiveCfg = Debug|Any CPU
		{A0A52BB6-1E01-458C-BE86-EA7CA1E32851}.Debug|Any CPU.Build.0 = Debug|Any CPU
		{A0A52BB6-1E01-458C-BE86-EA7CA1E32851}.Release|Any CPU.ActiveCfg = Release|Any CPU
		{A0A52BB6-1E01-458C-BE86-EA7CA1E32851}.Release|Any CPU.Build.0 = Release|Any CPU
		{4C5950E7-329B-4E15-9918-E92A3E2D32FB}.Debug|Any CPU.ActiveCfg = Debug|Any CPU
		{4C5950E7-329B-4E15-9918-E92A3E2D32FB}.Debug|Any CPU.Build.0 = Debug|Any CPU
		{4C5950E7-329B-4E15-9918-E92A3E2D32FB}.Release|Any CPU.ActiveCfg = Release|Any CPU
		{4C5950E7-329B-4E15-9918-E92A3E2D32FB}.Release|Any CPU.Build.0 = Release|Any CPU
		{EDFEECA4-A9A8-4D6B-AF82-E6ABCD0E5C5E}.Debug|Any CPU.ActiveCfg = Debug|Any CPU
		{EDFEECA4-A9A8-4D6B-AF82-E6ABCD0E5C5E}.Debug|Any CPU.Build.0 = Debug|Any CPU
		{EDFEECA4-A9A8-4D6B-AF82-E6ABCD0E5C5E}.Release|Any CPU.ActiveCfg = Release|Any CPU
		{EDFEECA4-A9A8-4D6B-AF82-E6ABCD0E5C5E}.Release|Any CPU.Build.0 = Release|Any CPU
		{4260B135-39AE-42ED-A185-AE755331D0EA}.Debug|Any CPU.ActiveCfg = Debug|Any CPU
		{4260B135-39AE-42ED-A185-AE755331D0EA}.Debug|Any CPU.Build.0 = Debug|Any CPU
		{4260B135-39AE-42ED-A185-AE755331D0EA}.Release|Any CPU.ActiveCfg = Release|Any CPU
		{4260B135-39AE-42ED-A185-AE755331D0EA}.Release|Any CPU.Build.0 = Release|Any CPU
		{31A37911-BAEB-4AE7-980E-5EB3EEF390F6}.Debug|Any CPU.ActiveCfg = Debug|Any CPU
		{31A37911-BAEB-4AE7-980E-5EB3EEF390F6}.Debug|Any CPU.Build.0 = Debug|Any CPU
		{31A37911-BAEB-4AE7-980E-5EB3EEF390F6}.Release|Any CPU.ActiveCfg = Release|Any CPU
		{31A37911-BAEB-4AE7-980E-5EB3EEF390F6}.Release|Any CPU.Build.0 = Release|Any CPU
		{54A47490-662A-40A6-B7A2-A02E4C475459}.Debug|Any CPU.ActiveCfg = Debug|Any CPU
		{54A47490-662A-40A6-B7A2-A02E4C475459}.Debug|Any CPU.Build.0 = Debug|Any CPU
		{54A47490-662A-40A6-B7A2-A02E4C475459}.Release|Any CPU.ActiveCfg = Release|Any CPU
		{54A47490-662A-40A6-B7A2-A02E4C475459}.Release|Any CPU.Build.0 = Release|Any CPU
		{0AF718D0-5D60-4381-AA1C-B03636C91F32}.Debug|Any CPU.ActiveCfg = Debug|Any CPU
		{0AF718D0-5D60-4381-AA1C-B03636C91F32}.Debug|Any CPU.Build.0 = Debug|Any CPU
		{0AF718D0-5D60-4381-AA1C-B03636C91F32}.Release|Any CPU.ActiveCfg = Release|Any CPU
		{0AF718D0-5D60-4381-AA1C-B03636C91F32}.Release|Any CPU.Build.0 = Release|Any CPU
		{7D604C6F-7644-40DB-8117-B49396871DB2}.Debug|Any CPU.ActiveCfg = Debug|Any CPU
		{7D604C6F-7644-40DB-8117-B49396871DB2}.Debug|Any CPU.Build.0 = Debug|Any CPU
		{7D604C6F-7644-40DB-8117-B49396871DB2}.Release|Any CPU.ActiveCfg = Release|Any CPU
		{7D604C6F-7644-40DB-8117-B49396871DB2}.Release|Any CPU.Build.0 = Release|Any CPU
	EndGlobalSection
	GlobalSection(SolutionProperties) = preSolution
		HideSolutionNode = FALSE
	EndGlobalSection
	GlobalSection(ExtensibilityGlobals) = postSolution
		SolutionGuid = {B7B95079-FF55-467D-A113-63BDD111FFA8}
	EndGlobalSection
EndGlobal
